<Solution>
  <Project Path="Application/Application.csproj" />
  <Project Path="Backend .NET Developer - Technical Assessment Task/Backend .NET Developer - Technical Assessment Task.csproj" />
  <Project Path="Domain/Domain.csproj" />
  <Project Path="Infrastructure/Infrastructure.csproj" />
</Solution>
